<?xml version="1.0" encoding="utf-8"?>
<Project ToolsVersion="4.0" xmlns="http://schemas.microsoft.com/developer/msbuild/2003">
  <ItemGroup>
    <Filter Include="Source Files">
      <UniqueIdentifier>{4FC737F1-C7A5-4376-A066-2A32D752A2FF}</UniqueIdentifier>
      <Extensions>cpp;c;cc;cxx;def;odl;idl;hpj;bat;asm;asmx</Extensions>
    </Filter>
    <Filter Include="Header Files">
      <UniqueIdentifier>{93995380-89BD-4b04-88EB-625FBE52EBFB}</UniqueIdentifier>
      <Extensions>h;hh;hpp;hxx;hm;inl;inc;xsd</Extensions>
    </Filter>
    <Filter Include="Resource Files">
      <UniqueIdentifier>{67DA6AB6-F800-4c08-8B7A-83BB121AAD01}</UniqueIdentifier>
      <Extensions>rc;ico;cur;bmp;dlg;rc2;rct;bin;rgs;gif;jpg;jpeg;jpe;resx;tiff;tif;png;wav</Extensions>
    </Filter>
  </ItemGroup>
  <ItemGroup>
    <ClCompile Include="src\main.cpp">
      <Filter>Source Files</Filter>
    </ClCompile>
    <ClCompile Include="src\Timer.cpp">
      <Filter>Source Files</Filter>
    </ClCompile>
    <ClCompile Include="src\Configurator.cpp">
      <Filter>Source Files</Filter>
    </ClCompile>
    <ClCompile Include="src\common.cpp">
      <Filter>Source Files</Filter>
    </ClCompile>
    <ClCompile Include="src\BenchmarkManager.cpp">
      <Filter>Source Files</Filter>
    </ClCompile>
    <ClCompile Include="src\Benchmark.cpp">
      <Filter>Source Files</Filter>
    </ClCompile>
    <ClCompile Include="src\LatencyBenchmark.cpp">
      <Filter>Source Files</Filter>
    </ClCompile>
    <ClCompile Include="src\ThroughputBenchmark.cpp">
      <Filter>Source Files</Filter>
    </ClCompile>
    <ClCompile Include="src\ThroughputBenchmarkWorker.cpp">
      <Filter>Source Files</Filter>
    </ClCompile>
    <ClCompile Include="src\Runnable.cpp">
      <Filter>Source Files</Filter>
    </ClCompile>
    <ClCompile Include="src\Thread.cpp">
      <Filter>Source Files</Filter>
    </ClCompile>
    <ClCompile Include="src\NativeDRAMPowerReader.cpp">
      <Filter>Source Files</Filter>
    </ClCompile>
    <ClCompile Include="src\PowerReader.cpp">
      <Filter>Source Files</Filter>
    </ClCompile>
    <ClCompile Include="src\win\QPCTimer.cpp">
      <Filter>Source Files</Filter>
    </ClCompile>
    <ClCompile Include="src\x86_64\TSCTimer.cpp">
      <Filter>Source Files</Filter>
    </ClCompile>
    <ClCompile Include="src\win\win_common.cpp">
      <Filter>Source Files</Filter>
    </ClCompile>
    <ClCompile Include="src\win\win_common_third_party.cpp">
      <Filter>Source Files</Filter>
    </ClCompile>
    <ClCompile Include="src\benchmark_kernels.cpp">
      <Filter>Source Files</Filter>
    </ClCompile>
  </ItemGroup>
  <ItemGroup>
    <ClInclude Include="src\include\Timer.h">
      <Filter>Header Files</Filter>
    </ClInclude>
    <ClInclude Include="src\include\Configurator.h">
      <Filter>Header Files</Filter>
    </ClInclude>
    <ClInclude Include="src\include\common.h">
      <Filter>Header Files</Filter>
    </ClInclude>
    <ClInclude Include="src\include\Benchmark.h">
      <Filter>Header Files</Filter>
    </ClInclude>
    <ClInclude Include="src\include\BenchmarkManager.h">
      <Filter>Header Files</Filter>
    </ClInclude>
    <ClInclude Include="src\include\LatencyBenchmark.h">
      <Filter>Header Files</Filter>
    </ClInclude>
    <ClInclude Include="src\include\ThroughputBenchmark.h">
      <Filter>Header Files</Filter>
    </ClInclude>
    <ClInclude Include="src\include\ThroughputBenchmarkWorker.h">
      <Filter>Header Files</Filter>
    </ClInclude>
    <ClInclude Include="src\include\Runnable.h">
      <Filter>Header Files</Filter>
    </ClInclude>
    <ClInclude Include="src\include\Thread.h">
      <Filter>Header Files</Filter>
    </ClInclude>
    <ClInclude Include="src\include\NativeDRAMPowerReader.h">
      <Filter>Header Files</Filter>
    </ClInclude>
    <ClInclude Include="src\include\PowerReader.h">
      <Filter>Header Files</Filter>
    </ClInclude>
    <ClInclude Include="src\include\win\QPCTimer.h">
      <Filter>Header Files</Filter>
    </ClInclude>
    <ClInclude Include="src\include\x86_64\TSCTimer.h">
      <Filter>Header Files</Filter>
    </ClInclude>
    <ClInclude Include="src\include\optionparser.h">
      <Filter>Header Files</Filter>
    </ClInclude>
    <ClInclude Include="src\include\MyArg.h">
      <Filter>Header Files</Filter>
    </ClInclude>
    <ClInclude Include="src\include\ExampleArg.h">
      <Filter>Header Files</Filter>
    </ClInclude>
    <ClInclude Include="src\include\win\win_common.h">
      <Filter>Header Files</Filter>
    </ClInclude>
    <ClInclude Include="src\include\win\win_CPdhQuery.h">
      <Filter>Header Files</Filter>
    </ClInclude>
    <ClInclude Include="src\include\win\win_common_third_party.h">
      <Filter>Header Files</Filter>
    </ClInclude>
    <ClInclude Include="src\include\benchmark_kernels.h">
      <Filter>Header Files</Filter>
    </ClInclude>
  </ItemGroup>
  <ItemGroup>
    <None Include="doc\html\annotated.html" />
    <None Include="doc\html\classes.html" />
    <None Include="doc\html\classmembench_1_1_benchmark-members.html" />
    <None Include="doc\html\classmembench_1_1_benchmark.html" />
    <None Include="doc\html\classmembench_1_1_benchmark_manager-members.html" />
    <None Include="doc\html\classmembench_1_1_benchmark_manager.html" />
    <None Include="doc\html\classmembench_1_1_configurator-members.html" />
    <None Include="doc\html\classmembench_1_1_configurator.html" />
    <None Include="doc\html\classmembench_1_1_q_p_c_timer-members.html" />
    <None Include="doc\html\classmembench_1_1_q_p_c_timer.html" />
    <None Include="doc\html\classmembench_1_1_throughput_benchmark-members.html" />
    <None Include="doc\html\classmembench_1_1_throughput_benchmark.html" />
    <None Include="doc\html\classmembench_1_1_t_s_c_timer-members.html" />
    <None Include="doc\html\classmembench_1_1_t_s_c_timer.html" />
    <None Include="doc\html\classoption_1_1_option-members.html" />
    <None Include="doc\html\classoption_1_1_option.html" />
    <None Include="doc\html\classoption_1_1_parser-members.html" />
    <None Include="doc\html\classoption_1_1_parser.html" />
    <None Include="doc\html\classoption_1_1_parser_1_1_store_option_action-members.html" />
    <None Include="doc\html\classoption_1_1_parser_1_1_store_option_action.html" />
    <None Include="doc\html\classoption_1_1_print_usage_implementation_1_1_line_part_iterator-members.html" />
    <None Include="doc\html\classoption_1_1_print_usage_implementation_1_1_line_part_iterator.html" />
    <None Include="doc\html\classoption_1_1_print_usage_implementation_1_1_line_wrapper-members.html" />
    <None Include="doc\html\classoption_1_1_print_usage_implementation_1_1_line_wrapper.html" />
    <None Include="doc\html\classoption_1_1_stats_1_1_count_options_action-members.html" />
    <None Include="doc\html\classoption_1_1_stats_1_1_count_options_action.html" />
    <None Include="doc\html\common_8cpp.html" />
    <None Include="doc\html\common_8h.html" />
    <None Include="doc\html\common_8h_source.html" />
    <None Include="doc\html\cpuinfo_8cpp.html" />
    <None Include="doc\html\cpuinfo_8h.html" />
    <None Include="doc\html\cpuinfo_8h_source.html" />
    <None Include="doc\html\dir_116b48ea479403f73ed8ee1b8cd8f225.html" />
    <None Include="doc\html\dir_68267d1309a1af8e8297ef4c3efbcdba.html" />
    <None Include="doc\html\dir_f612f7bc9be841abebe3ba4e5be41e84.html" />
    <None Include="doc\html\files.html" />
    <None Include="doc\html\functions.html" />
    <None Include="doc\html\functions_func.html" />
    <None Include="doc\html\functions_rela.html" />
    <None Include="doc\html\functions_type.html" />
    <None Include="doc\html\functions_vars.html" />
    <None Include="doc\html\globals.html" />
    <None Include="doc\html\globals_defs.html" />
    <None Include="doc\html\globals_func.html" />
    <None Include="doc\html\hierarchy.html" />
    <None Include="doc\html\index.html" />
    <None Include="doc\html\main_8cpp.html" />
    <None Include="doc\html\namespacemembench.html" />
    <None Include="doc\html\namespacemembers.html" />
    <None Include="doc\html\namespacemembers_enum.html" />
    <None Include="doc\html\namespacemembers_eval.html" />
    <None Include="doc\html\namespacemembers_func.html" />
    <None Include="doc\html\namespacemembers_type.html" />
    <None Include="doc\html\namespacemembers_vars.html" />
    <None Include="doc\html\namespaceoption.html" />
    <None Include="doc\html\namespaces.html" />
    <None Include="doc\html\optionparser_8h.html" />
    <None Include="doc\html\optionparser_8h_source.html" />
    <None Include="doc\html\structoption_1_1_arg-members.html" />
    <None Include="doc\html\structoption_1_1_arg.html" />
    <None Include="doc\html\structoption_1_1_descriptor-members.html" />
    <None Include="doc\html\structoption_1_1_descriptor.html" />
    <None Include="doc\html\structoption_1_1_my_arg-members.html" />
    <None Include="doc\html\structoption_1_1_my_arg.html" />
    <None Include="doc\html\structoption_1_1_parser_1_1_action-members.html" />
    <None Include="doc\html\structoption_1_1_parser_1_1_action.html" />
    <None Include="doc\html\structoption_1_1_print_usage_implementation-members.html" />
    <None Include="doc\html\structoption_1_1_print_usage_implementation.html" />
    <None Include="doc\html\structoption_1_1_print_usage_implementation_1_1_function_writer-members.html" />
    <None Include="doc\html\structoption_1_1_print_usage_implementation_1_1_function_writer.html" />
    <None Include="doc\html\structoption_1_1_print_usage_implementation_1_1_i_string_writer-members.html" />
    <None Include="doc\html\structoption_1_1_print_usage_implementation_1_1_i_string_writer.html" />
    <None Include="doc\html\structoption_1_1_print_usage_implementation_1_1_o_stream_writer-members.html" />
    <None Include="doc\html\structoption_1_1_print_usage_implementation_1_1_o_stream_writer.html" />
    <None Include="doc\html\structoption_1_1_print_usage_implementation_1_1_stream_writer-members.html" />
    <None Include="doc\html\structoption_1_1_print_usage_implementation_1_1_stream_writer.html" />
    <None Include="doc\html\structoption_1_1_print_usage_implementation_1_1_syscall_writer-members.html" />
    <None Include="doc\html\structoption_1_1_print_usage_implementation_1_1_syscall_writer.html" />
    <None Include="doc\html\structoption_1_1_print_usage_implementation_1_1_temporary_writer-members.html" />
    <None Include="doc\html\structoption_1_1_print_usage_implementation_1_1_temporary_writer.html" />
    <None Include="doc\html\structoption_1_1_stats-members.html" />
    <None Include="doc\html\structoption_1_1_stats.html" />
    <None Include="doc\html\_benchmark_8cpp.html" />
    <None Include="doc\html\_benchmark_8h.html" />
    <None Include="doc\html\_benchmark_8h_source.html" />
    <None Include="doc\html\_benchmark_manager_8cpp.html" />
    <None Include="doc\html\_benchmark_manager_8h.html" />
    <None Include="doc\html\_benchmark_manager_8h_source.html" />
    <None Include="doc\html\_configurator_8cpp.html" />
    <None Include="doc\html\_configurator_8h.html" />
    <None Include="doc\html\_configurator_8h_source.html" />
    <None Include="doc\html\_my_arg_8h.html" />
    <None Include="doc\html\_my_arg_8h_source.html" />
    <None Include="doc\html\_q_p_c_timer_8cpp.html" />
    <None Include="doc\html\_q_p_c_timer_8h.html" />
    <None Include="doc\html\_q_p_c_timer_8h_source.html" />
    <None Include="doc\html\_throughput_benchmark_8cpp.html" />
    <None Include="doc\html\_throughput_benchmark_8h.html" />
    <None Include="doc\html\_throughput_benchmark_8h_source.html" />
    <None Include="doc\html\_t_s_c_timer_8cpp.html" />
    <None Include="doc\html\_t_s_c_timer_8h.html" />
    <None Include="doc\html\_t_s_c_timer_8h_source.html" />
    <None Include="doc\html\search\all_0.html" />
    <None Include="doc\html\search\all_1.html" />
    <None Include="doc\html\search\all_10.html" />
    <None Include="doc\html\search\all_11.html" />
    <None Include="doc\html\search\all_12.html" />
    <None Include="doc\html\search\all_13.html" />
    <None Include="doc\html\search\all_14.html" />
    <None Include="doc\html\search\all_15.html" />
    <None Include="doc\html\search\all_16.html" />
    <None Include="doc\html\search\all_17.html" />
    <None Include="doc\html\search\all_2.html" />
    <None Include="doc\html\search\all_3.html" />
    <None Include="doc\html\search\all_4.html" />
    <None Include="doc\html\search\all_5.html" />
    <None Include="doc\html\search\all_6.html" />
    <None Include="doc\html\search\all_7.html" />
    <None Include="doc\html\search\all_8.html" />
    <None Include="doc\html\search\all_9.html" />
    <None Include="doc\html\search\all_a.html" />
    <None Include="doc\html\search\all_b.html" />
    <None Include="doc\html\search\all_c.html" />
    <None Include="doc\html\search\all_d.html" />
    <None Include="doc\html\search\all_e.html" />
    <None Include="doc\html\search\all_f.html" />
    <None Include="doc\html\search\classes_0.html" />
    <None Include="doc\html\search\classes_1.html" />
    <None Include="doc\html\search\classes_2.html" />
    <None Include="doc\html\search\classes_3.html" />
    <None Include="doc\html\search\classes_4.html" />
    <None Include="doc\html\search\classes_5.html" />
    <None Include="doc\html\search\classes_6.html" />
    <None Include="doc\html\search\classes_7.html" />
    <None Include="doc\html\search\classes_8.html" />
    <None Include="doc\html\search\classes_9.html" />
    <None Include="doc\html\search\classes_a.html" />
    <None Include="doc\html\search\classes_b.html" />
    <None Include="doc\html\search\classes_c.html" />
    <None Include="doc\html\search\defines_0.html" />
    <None Include="doc\html\search\defines_1.html" />
    <None Include="doc\html\search\defines_2.html" />
    <None Include="doc\html\search\defines_3.html" />
    <None Include="doc\html\search\defines_4.html" />
    <None Include="doc\html\search\defines_5.html" />
    <None Include="doc\html\search\defines_6.html" />
    <None Include="doc\html\search\enums_0.html" />
    <None Include="doc\html\search\enums_1.html" />
    <None Include="doc\html\search\enums_2.html" />
    <None Include="doc\html\search\enums_3.html" />
    <None Include="doc\html\search\enums_4.html" />
    <None Include="doc\html\search\enumvalues_0.html" />
    <None Include="doc\html\search\enumvalues_1.html" />
    <None Include="doc\html\search\enumvalues_2.html" />
    <None Include="doc\html\search\enumvalues_3.html" />
    <None Include="doc\html\search\enumvalues_4.html" />
    <None Include="doc\html\search\enumvalues_5.html" />
    <None Include="doc\html\search\enumvalues_6.html" />
    <None Include="doc\html\search\enumvalues_7.html" />
    <None Include="doc\html\search\enumvalues_8.html" />
    <None Include="doc\html\search\enumvalues_9.html" />
    <None Include="doc\html\search\files_0.html" />
    <None Include="doc\html\search\files_1.html" />
    <None Include="doc\html\search\files_2.html" />
    <None Include="doc\html\search\files_3.html" />
    <None Include="doc\html\search\files_4.html" />
    <None Include="doc\html\search\files_5.html" />
    <None Include="doc\html\search\functions_0.html" />
    <None Include="doc\html\search\functions_1.html" />
    <None Include="doc\html\search\functions_10.html" />
    <None Include="doc\html\search\functions_11.html" />
    <None Include="doc\html\search\functions_12.html" />
    <None Include="doc\html\search\functions_13.html" />
    <None Include="doc\html\search\functions_14.html" />
    <None Include="doc\html\search\functions_2.html" />
    <None Include="doc\html\search\functions_3.html" />
    <None Include="doc\html\search\functions_4.html" />
    <None Include="doc\html\search\functions_5.html" />
    <None Include="doc\html\search\functions_6.html" />
    <None Include="doc\html\search\functions_7.html" />
    <None Include="doc\html\search\functions_8.html" />
    <None Include="doc\html\search\functions_9.html" />
    <None Include="doc\html\search\functions_a.html" />
    <None Include="doc\html\search\functions_b.html" />
    <None Include="doc\html\search\functions_c.html" />
    <None Include="doc\html\search\functions_d.html" />
    <None Include="doc\html\search\functions_e.html" />
    <None Include="doc\html\search\functions_f.html" />
    <None Include="doc\html\search\namespaces_0.html" />
    <None Include="doc\html\search\namespaces_1.html" />
    <None Include="doc\html\search\nomatches.html" />
    <None Include="doc\html\search\related_0.html" />
    <None Include="doc\html\search\typedefs_0.html" />
    <None Include="doc\html\search\typedefs_1.html" />
    <None Include="doc\html\search\typedefs_2.html" />
    <None Include="doc\html\search\typedefs_3.html" />
    <None Include="doc\html\search\variables_0.html" />
    <None Include="doc\html\search\variables_1.html" />
    <None Include="doc\html\search\variables_2.html" />
    <None Include="doc\html\search\variables_3.html" />
    <None Include="doc\html\search\variables_4.html" />
    <None Include="doc\html\search\variables_5.html" />
    <None Include="doc\html\search\variables_6.html" />
    <None Include="doc\html\search\variables_7.html" />
    <None Include="doc\html\search\variables_8.html" />
    <None Include="doc\html\search\variables_9.html" />
    <None Include="doc\html\search\variables_a.html" />
    <None Include="doc\html\search\variables_b.html" />
    <None Include="doc\html\search\variables_c.html" />
    <None Include="doc\html\search\variables_d.html" />
    <None Include="doc\html\search\variables_e.html" />
    <None Include="doc\html\search\variables_f.html" />
    <None Include="Doxyfile" />
    <None Include="README" />
  </ItemGroup>
  <ItemGroup>
    <MASM Include="src\win\x86_64\asm_dummy_forwSequentialLoop_Word256.asm">
      <Filter>Source Files</Filter>
    </MASM>
    <MASM Include="src\win\x86_64\asm_dummy_revSequentialLoop_Word256.asm">
      <Filter>Source Files</Filter>
    </MASM>
    <MASM Include="src\win\x86_64\asm_forwSequentialRead_Word256.asm">
      <Filter>Source Files</Filter>
    </MASM>
    <MASM Include="src\win\x86_64\asm_forwSequentialWrite_Word256.asm">
      <Filter>Source Files</Filter>
    </MASM>
    <MASM Include="src\win\x86_64\asm_revSequentialRead_Word256.asm">
      <Filter>Source Files</Filter>
    </MASM>
    <MASM Include="src\win\x86_64\asm_revSequentialWrite_Word256.asm">
      <Filter>Source Files</Filter>
    </MASM>
  </ItemGroup>
</Project>